
Microsoft Visual Studio Solution File, Format Version 12.00
# Visual Studio Version 16
VisualStudioVersion = 16.0.29519.87
MinimumVisualStudioVersion = 10.0.40219.1
Project("{FAE04EC0-301F-11D3-BF4B-00C04F79EFBC}") = "Tamagochi.Repository", "Tamagochi.Repository\Tamagochi.Repository.csproj", "{2303C529-47FF-44B9-B485-0D3CEF83CE20}"
EndProject
Global
	GlobalSection(SolutionConfigurationPlatforms) = preSolution
		Debug|Any CPU = Debug|Any CPU
		Release|Any CPU = Release|Any CPU
	EndGlobalSection
	GlobalSection(ProjectConfigurationPlatforms) = postSolution
		{2303C529-47FF-44B9-B485-0D3CEF83CE20}.Debug|Any CPU.ActiveCfg = Debug|Any CPU
		{2303C529-47FF-44B9-B485-0D3CEF83CE20}.Debug|Any CPU.Build.0 = Debug|Any CPU
		{2303C529-47FF-44B9-B485-0D3CEF83CE20}.Release|Any CPU.ActiveCfg = Release|Any CPU
		{2303C529-47FF-44B9-B485-0D3CEF83CE20}.Release|Any CPU.Build.0 = Release|Any CPU
	EndGlobalSection
	GlobalSection(SolutionProperties) = preSolution
		HideSolutionNode = FALSE
	EndGlobalSection
	GlobalSection(ExtensibilityGlobals) = postSolution
		SolutionGuid = {2D4EAA8A-69EF-40D6-A50A-A48037BE0F1B}
	EndGlobalSection
EndGlobal
